
Microsoft Visual Studio Solution File, Format Version 12.00
# Visual Studio Version 16
VisualStudioVersion = 16.0.30320.27
MinimumVisualStudioVersion = 10.0.40219.1
Project("{FAE04EC0-301F-11D3-BF4B-00C04F79EFBC}") = "FallGuysProtoDumper", "FallGuysProtoDumper\FallGuysProtoDumper.csproj", "{298BF527-1A0D-4319-9AF0-A51210368165}"
EndProject
Global
	GlobalSection(SolutionConfigurationPlatforms) = preSolution
		Debug|Any CPU = Debug|Any CPU
		Release|Any CPU = Release|Any CPU
	EndGlobalSection
	GlobalSection(ProjectConfigurationPlatforms) = postSolution
		{298BF527-1A0D-4319-9AF0-A51210368165}.Debug|Any CPU.ActiveCfg = Debug|Any CPU
		{298BF527-1A0D-4319-9AF0-A51210368165}.Debug|Any CPU.Build.0 = Debug|Any CPU
		{298BF527-1A0D-4319-9AF0-A51210368165}.Release|Any CPU.ActiveCfg = Release|Any CPU
		{298BF527-1A0D-4319-9AF0-A51210368165}.Release|Any CPU.Build.0 = Release|Any CPU
	EndGlobalSection
	GlobalSection(SolutionProperties) = preSolution
		HideSolutionNode = FALSE
	EndGlobalSection
	GlobalSection(ExtensibilityGlobals) = postSolution
		SolutionGuid = {316E8019-4024-4BC4-BDB9-8CC275327BFE}
	EndGlobalSection
EndGlobal
